
Microsoft Visual Studio Solution File, Format Version 12.00
# Visual Studio 15
VisualStudioVersion = 15.0.26228.4
MinimumVisualStudioVersion = 10.0.40219.1
Project("{FAE04EC0-301F-11D3-BF4B-00C04F79EFBC}") = "Kesco.Lib.BaseExtention", "Kesco.Lib.BaseExtention\Kesco.Lib.BaseExtention.csproj", "{D26C8D93-C51B-4F61-ADA8-8527A18E4C41}"
EndProject
Project("{FAE04EC0-301F-11D3-BF4B-00C04F79EFBC}") = "Kesco.Lib.Web.Comet", "Kesco.Lib.Web.Comet\Kesco.Lib.Web.Comet\Kesco.Lib.Web.Comet.csproj", "{EB32DBFE-59E0-4F6C-A718-BE9BA708C64F}"
EndProject
Project("{FAE04EC0-301F-11D3-BF4B-00C04F79EFBC}") = "Kesco.Lib.Web.Controls.V4", "Kesco.Lib.Web.Controls.V4\Kesco.Lib.Web.Controls.V4.csproj", "{C24FDAB8-D076-4F0C-8932-DB8160E4C4EF}"
EndProject
Project("{FAE04EC0-301F-11D3-BF4B-00C04F79EFBC}") = "Kesco.Lib.ConvertExtention", "Kesco.Lib.Convert\Kesco.Lib.ConvertExtention.csproj", "{9C6AB086-FDB5-4FBC-B358-092C47F6B4F4}"
EndProject
Project("{FAE04EC0-301F-11D3-BF4B-00C04F79EFBC}") = "Kesco.Lib.DALC", "Kesco.Lib.DALC\Kesco.Lib.DALC.csproj", "{5F647577-BC44-41DE-AFBE-BC47C91548F1}"
EndProject
Project("{FAE04EC0-301F-11D3-BF4B-00C04F79EFBC}") = "Kesco.Lib.Entities", "Kesco.Lib.Entities\Kesco.Lib.Entities.csproj", "{DEAA04C2-AFB2-4AD0-B161-A5BF6C26A9DB}"
EndProject
Project("{FAE04EC0-301F-11D3-BF4B-00C04F79EFBC}") = "Kesco.Lib.Localization", "Kesco.Lib.Localization\Kesco.Lib.Localization.csproj", "{895BE7DB-796B-40DD-B338-01B9C53F8308}"
EndProject
Project("{FAE04EC0-301F-11D3-BF4B-00C04F79EFBC}") = "Kesco.Lib.Web.Settings", "Kesco.Lib.Web.Settings\Kesco.Lib.Web.Settings.csproj", "{26BB8CDB-8901-44BF-85BC-864F97941C60}"
EndProject
Project("{FAE04EC0-301F-11D3-BF4B-00C04F79EFBC}") = "Kesco.Lib.Web.DBSelect.V4", "Kesco.Lib.Web.DBSelect.V4\Kesco.Lib.Web.DBSelect.V4.csproj", "{874E2035-E05B-463E-805D-3B9944A34AF9}"
EndProject
Project("{FAE04EC0-301F-11D3-BF4B-00C04F79EFBC}") = "Kesco.Lib.Log", "Kesco.Lib.Log\Kesco.Lib.Log.csproj", "{FC924B22-160A-4F7F-98EB-63E420DE694E}"
EndProject
Project("{FAE04EC0-301F-11D3-BF4B-00C04F79EFBC}") = "TarifMobilPhone", "TarifMobilPhone\TarifMobilPhone.csproj", "{8A0B6D4A-504D-47D1-9DAB-F7F994E57776}"
EndProject
Global
	GlobalSection(SolutionConfigurationPlatforms) = preSolution
		Debug|Any CPU = Debug|Any CPU
		Debug|x86 = Debug|x86
		KORE|Any CPU = KORE|Any CPU
		KORE|x86 = KORE|x86
		Release|Any CPU = Release|Any CPU
		Release|x86 = Release|x86
		Work|Any CPU = Work|Any CPU
		Work|x86 = Work|x86
	EndGlobalSection
	GlobalSection(ProjectConfigurationPlatforms) = postSolution
		{D26C8D93-C51B-4F61-ADA8-8527A18E4C41}.Debug|Any CPU.ActiveCfg = Debug|Any CPU
		{D26C8D93-C51B-4F61-ADA8-8527A18E4C41}.Debug|Any CPU.Build.0 = Debug|Any CPU
		{D26C8D93-C51B-4F61-ADA8-8527A18E4C41}.Debug|x86.ActiveCfg = Debug|Any CPU
		{D26C8D93-C51B-4F61-ADA8-8527A18E4C41}.KORE|Any CPU.ActiveCfg = Release|Any CPU
		{D26C8D93-C51B-4F61-ADA8-8527A18E4C41}.KORE|Any CPU.Build.0 = Release|Any CPU
		{D26C8D93-C51B-4F61-ADA8-8527A18E4C41}.KORE|x86.ActiveCfg = Release|Any CPU
		{D26C8D93-C51B-4F61-ADA8-8527A18E4C41}.Release|Any CPU.ActiveCfg = Release|Any CPU
		{D26C8D93-C51B-4F61-ADA8-8527A18E4C41}.Release|Any CPU.Build.0 = Release|Any CPU
		{D26C8D93-C51B-4F61-ADA8-8527A18E4C41}.Release|x86.ActiveCfg = Release|Any CPU
		{D26C8D93-C51B-4F61-ADA8-8527A18E4C41}.Work|Any CPU.ActiveCfg = Release|Any CPU
		{D26C8D93-C51B-4F61-ADA8-8527A18E4C41}.Work|Any CPU.Build.0 = Release|Any CPU
		{D26C8D93-C51B-4F61-ADA8-8527A18E4C41}.Work|x86.ActiveCfg = Release|Any CPU
		{EB32DBFE-59E0-4F6C-A718-BE9BA708C64F}.Debug|Any CPU.ActiveCfg = Debug|Any CPU
		{EB32DBFE-59E0-4F6C-A718-BE9BA708C64F}.Debug|Any CPU.Build.0 = Debug|Any CPU
		{EB32DBFE-59E0-4F6C-A718-BE9BA708C64F}.Debug|x86.ActiveCfg = Debug|Any CPU
		{EB32DBFE-59E0-4F6C-A718-BE9BA708C64F}.KORE|Any CPU.ActiveCfg = Release|Any CPU
		{EB32DBFE-59E0-4F6C-A718-BE9BA708C64F}.KORE|Any CPU.Build.0 = Release|Any CPU
		{EB32DBFE-59E0-4F6C-A718-BE9BA708C64F}.KORE|x86.ActiveCfg = Release|Any CPU
		{EB32DBFE-59E0-4F6C-A718-BE9BA708C64F}.Release|Any CPU.ActiveCfg = Release|Any CPU
		{EB32DBFE-59E0-4F6C-A718-BE9BA708C64F}.Release|Any CPU.Build.0 = Release|Any CPU
		{EB32DBFE-59E0-4F6C-A718-BE9BA708C64F}.Release|x86.ActiveCfg = Release|Any CPU
		{EB32DBFE-59E0-4F6C-A718-BE9BA708C64F}.Work|Any CPU.ActiveCfg = Release|Any CPU
		{EB32DBFE-59E0-4F6C-A718-BE9BA708C64F}.Work|Any CPU.Build.0 = Release|Any CPU
		{EB32DBFE-59E0-4F6C-A718-BE9BA708C64F}.Work|x86.ActiveCfg = Release|Any CPU
		{C24FDAB8-D076-4F0C-8932-DB8160E4C4EF}.Debug|Any CPU.ActiveCfg = Debug|Any CPU
		{C24FDAB8-D076-4F0C-8932-DB8160E4C4EF}.Debug|Any CPU.Build.0 = Debug|Any CPU
		{C24FDAB8-D076-4F0C-8932-DB8160E4C4EF}.Debug|x86.ActiveCfg = Debug|Any CPU
		{C24FDAB8-D076-4F0C-8932-DB8160E4C4EF}.KORE|Any CPU.ActiveCfg = KORE|Any CPU
		{C24FDAB8-D076-4F0C-8932-DB8160E4C4EF}.KORE|Any CPU.Build.0 = KORE|Any CPU
		{C24FDAB8-D076-4F0C-8932-DB8160E4C4EF}.KORE|x86.ActiveCfg = KORE|Any CPU
		{C24FDAB8-D076-4F0C-8932-DB8160E4C4EF}.Release|Any CPU.ActiveCfg = Release|Any CPU
		{C24FDAB8-D076-4F0C-8932-DB8160E4C4EF}.Release|Any CPU.Build.0 = Release|Any CPU
		{C24FDAB8-D076-4F0C-8932-DB8160E4C4EF}.Release|x86.ActiveCfg = Release|Any CPU
		{C24FDAB8-D076-4F0C-8932-DB8160E4C4EF}.Work|Any CPU.ActiveCfg = Work|Any CPU
		{C24FDAB8-D076-4F0C-8932-DB8160E4C4EF}.Work|Any CPU.Build.0 = Work|Any CPU
		{C24FDAB8-D076-4F0C-8932-DB8160E4C4EF}.Work|x86.ActiveCfg = Work|Any CPU
		{9C6AB086-FDB5-4FBC-B358-092C47F6B4F4}.Debug|Any CPU.ActiveCfg = Debug|Any CPU
		{9C6AB086-FDB5-4FBC-B358-092C47F6B4F4}.Debug|Any CPU.Build.0 = Debug|Any CPU
		{9C6AB086-FDB5-4FBC-B358-092C47F6B4F4}.Debug|x86.ActiveCfg = Debug|Any CPU
		{9C6AB086-FDB5-4FBC-B358-092C47F6B4F4}.KORE|Any CPU.ActiveCfg = Release|Any CPU
		{9C6AB086-FDB5-4FBC-B358-092C47F6B4F4}.KORE|Any CPU.Build.0 = Release|Any CPU
		{9C6AB086-FDB5-4FBC-B358-092C47F6B4F4}.KORE|x86.ActiveCfg = Release|Any CPU
		{9C6AB086-FDB5-4FBC-B358-092C47F6B4F4}.Release|Any CPU.ActiveCfg = Release|Any CPU
		{9C6AB086-FDB5-4FBC-B358-092C47F6B4F4}.Release|Any CPU.Build.0 = Release|Any CPU
		{9C6AB086-FDB5-4FBC-B358-092C47F6B4F4}.Release|x86.ActiveCfg = Release|Any CPU
		{9C6AB086-FDB5-4FBC-B358-092C47F6B4F4}.Work|Any CPU.ActiveCfg = Release|Any CPU
		{9C6AB086-FDB5-4FBC-B358-092C47F6B4F4}.Work|Any CPU.Build.0 = Release|Any CPU
		{9C6AB086-FDB5-4FBC-B358-092C47F6B4F4}.Work|x86.ActiveCfg = Release|Any CPU
		{5F647577-BC44-41DE-AFBE-BC47C91548F1}.Debug|Any CPU.ActiveCfg = Debug|Any CPU
		{5F647577-BC44-41DE-AFBE-BC47C91548F1}.Debug|Any CPU.Build.0 = Debug|Any CPU
		{5F647577-BC44-41DE-AFBE-BC47C91548F1}.Debug|x86.ActiveCfg = Debug|Any CPU
		{5F647577-BC44-41DE-AFBE-BC47C91548F1}.KORE|Any CPU.ActiveCfg = Release|Any CPU
		{5F647577-BC44-41DE-AFBE-BC47C91548F1}.KORE|Any CPU.Build.0 = Release|Any CPU
		{5F647577-BC44-41DE-AFBE-BC47C91548F1}.KORE|x86.ActiveCfg = Release|Any CPU
		{5F647577-BC44-41DE-AFBE-BC47C91548F1}.Release|Any CPU.ActiveCfg = Release|Any CPU
		{5F647577-BC44-41DE-AFBE-BC47C91548F1}.Release|Any CPU.Build.0 = Release|Any CPU
		{5F647577-BC44-41DE-AFBE-BC47C91548F1}.Release|x86.ActiveCfg = Release|Any CPU
		{5F647577-BC44-41DE-AFBE-BC47C91548F1}.Work|Any CPU.ActiveCfg = Release|Any CPU
		{5F647577-BC44-41DE-AFBE-BC47C91548F1}.Work|Any CPU.Build.0 = Release|Any CPU
		{5F647577-BC44-41DE-AFBE-BC47C91548F1}.Work|x86.ActiveCfg = Release|Any CPU
		{DEAA04C2-AFB2-4AD0-B161-A5BF6C26A9DB}.Debug|Any CPU.ActiveCfg = Debug|Any CPU
		{DEAA04C2-AFB2-4AD0-B161-A5BF6C26A9DB}.Debug|Any CPU.Build.0 = Debug|Any CPU
		{DEAA04C2-AFB2-4AD0-B161-A5BF6C26A9DB}.Debug|x86.ActiveCfg = Debug|Any CPU
		{DEAA04C2-AFB2-4AD0-B161-A5BF6C26A9DB}.KORE|Any CPU.ActiveCfg = Release|Any CPU
		{DEAA04C2-AFB2-4AD0-B161-A5BF6C26A9DB}.KORE|Any CPU.Build.0 = Release|Any CPU
		{DEAA04C2-AFB2-4AD0-B161-A5BF6C26A9DB}.KORE|x86.ActiveCfg = Release|Any CPU
		{DEAA04C2-AFB2-4AD0-B161-A5BF6C26A9DB}.Release|Any CPU.ActiveCfg = Release|Any CPU
		{DEAA04C2-AFB2-4AD0-B161-A5BF6C26A9DB}.Release|Any CPU.Build.0 = Release|Any CPU
		{DEAA04C2-AFB2-4AD0-B161-A5BF6C26A9DB}.Release|x86.ActiveCfg = Release|Any CPU
		{DEAA04C2-AFB2-4AD0-B161-A5BF6C26A9DB}.Work|Any CPU.ActiveCfg = Release|Any CPU
		{DEAA04C2-AFB2-4AD0-B161-A5BF6C26A9DB}.Work|Any CPU.Build.0 = Release|Any CPU
		{DEAA04C2-AFB2-4AD0-B161-A5BF6C26A9DB}.Work|x86.ActiveCfg = Release|Any CPU
		{895BE7DB-796B-40DD-B338-01B9C53F8308}.Debug|Any CPU.ActiveCfg = Debug|Any CPU
		{895BE7DB-796B-40DD-B338-01B9C53F8308}.Debug|Any CPU.Build.0 = Debug|Any CPU
		{895BE7DB-796B-40DD-B338-01B9C53F8308}.Debug|x86.ActiveCfg = Debug|Any CPU
		{895BE7DB-796B-40DD-B338-01B9C53F8308}.KORE|Any CPU.ActiveCfg = Release|Any CPU
		{895BE7DB-796B-40DD-B338-01B9C53F8308}.KORE|Any CPU.Build.0 = Release|Any CPU
		{895BE7DB-796B-40DD-B338-01B9C53F8308}.KORE|x86.ActiveCfg = Release|Any CPU
		{895BE7DB-796B-40DD-B338-01B9C53F8308}.Release|Any CPU.ActiveCfg = Release|Any CPU
		{895BE7DB-796B-40DD-B338-01B9C53F8308}.Release|Any CPU.Build.0 = Release|Any CPU
		{895BE7DB-796B-40DD-B338-01B9C53F8308}.Release|x86.ActiveCfg = Release|Any CPU
		{895BE7DB-796B-40DD-B338-01B9C53F8308}.Work|Any CPU.ActiveCfg = Release|Any CPU
		{895BE7DB-796B-40DD-B338-01B9C53F8308}.Work|Any CPU.Build.0 = Release|Any CPU
		{895BE7DB-796B-40DD-B338-01B9C53F8308}.Work|x86.ActiveCfg = Release|Any CPU
		{26BB8CDB-8901-44BF-85BC-864F97941C60}.Debug|Any CPU.ActiveCfg = Debug|Any CPU
		{26BB8CDB-8901-44BF-85BC-864F97941C60}.Debug|Any CPU.Build.0 = Debug|Any CPU
		{26BB8CDB-8901-44BF-85BC-864F97941C60}.Debug|x86.ActiveCfg = Debug|Any CPU
		{26BB8CDB-8901-44BF-85BC-864F97941C60}.KORE|Any CPU.ActiveCfg = Release|Any CPU
		{26BB8CDB-8901-44BF-85BC-864F97941C60}.KORE|Any CPU.Build.0 = Release|Any CPU
		{26BB8CDB-8901-44BF-85BC-864F97941C60}.KORE|x86.ActiveCfg = Release|Any CPU
		{26BB8CDB-8901-44BF-85BC-864F97941C60}.Release|Any CPU.ActiveCfg = Release|Any CPU
		{26BB8CDB-8901-44BF-85BC-864F97941C60}.Release|Any CPU.Build.0 = Release|Any CPU
		{26BB8CDB-8901-44BF-85BC-864F97941C60}.Release|x86.ActiveCfg = Release|Any CPU
		{26BB8CDB-8901-44BF-85BC-864F97941C60}.Work|Any CPU.ActiveCfg = Release|Any CPU
		{26BB8CDB-8901-44BF-85BC-864F97941C60}.Work|Any CPU.Build.0 = Release|Any CPU
		{26BB8CDB-8901-44BF-85BC-864F97941C60}.Work|x86.ActiveCfg = Release|Any CPU
		{874E2035-E05B-463E-805D-3B9944A34AF9}.Debug|Any CPU.ActiveCfg = Debug|Any CPU
		{874E2035-E05B-463E-805D-3B9944A34AF9}.Debug|Any CPU.Build.0 = Debug|Any CPU
		{874E2035-E05B-463E-805D-3B9944A34AF9}.Debug|x86.ActiveCfg = Debug|Any CPU
		{874E2035-E05B-463E-805D-3B9944A34AF9}.KORE|Any CPU.ActiveCfg = Release|Any CPU
		{874E2035-E05B-463E-805D-3B9944A34AF9}.KORE|Any CPU.Build.0 = Release|Any CPU
		{874E2035-E05B-463E-805D-3B9944A34AF9}.KORE|x86.ActiveCfg = Release|Any CPU
		{874E2035-E05B-463E-805D-3B9944A34AF9}.Release|Any CPU.ActiveCfg = Release|Any CPU
		{874E2035-E05B-463E-805D-3B9944A34AF9}.Release|Any CPU.Build.0 = Release|Any CPU
		{874E2035-E05B-463E-805D-3B9944A34AF9}.Release|x86.ActiveCfg = Release|Any CPU
		{874E2035-E05B-463E-805D-3B9944A34AF9}.Work|Any CPU.ActiveCfg = Release|Any CPU
		{874E2035-E05B-463E-805D-3B9944A34AF9}.Work|Any CPU.Build.0 = Release|Any CPU
		{874E2035-E05B-463E-805D-3B9944A34AF9}.Work|x86.ActiveCfg = Release|Any CPU
		{FC924B22-160A-4F7F-98EB-63E420DE694E}.Debug|Any CPU.ActiveCfg = Debug|Any CPU
		{FC924B22-160A-4F7F-98EB-63E420DE694E}.Debug|Any CPU.Build.0 = Debug|Any CPU
		{FC924B22-160A-4F7F-98EB-63E420DE694E}.Debug|x86.ActiveCfg = Debug|x86
		{FC924B22-160A-4F7F-98EB-63E420DE694E}.Debug|x86.Build.0 = Debug|x86
		{FC924B22-160A-4F7F-98EB-63E420DE694E}.KORE|Any CPU.ActiveCfg = Release|x86
		{FC924B22-160A-4F7F-98EB-63E420DE694E}.KORE|x86.ActiveCfg = Release|x86
		{FC924B22-160A-4F7F-98EB-63E420DE694E}.KORE|x86.Build.0 = Release|x86
		{FC924B22-160A-4F7F-98EB-63E420DE694E}.Release|Any CPU.ActiveCfg = Release|Any CPU
		{FC924B22-160A-4F7F-98EB-63E420DE694E}.Release|Any CPU.Build.0 = Release|Any CPU
		{FC924B22-160A-4F7F-98EB-63E420DE694E}.Release|x86.ActiveCfg = Release|x86
		{FC924B22-160A-4F7F-98EB-63E420DE694E}.Release|x86.Build.0 = Release|x86
		{FC924B22-160A-4F7F-98EB-63E420DE694E}.Work|Any CPU.ActiveCfg = Release|x86
		{FC924B22-160A-4F7F-98EB-63E420DE694E}.Work|x86.ActiveCfg = Release|x86
		{FC924B22-160A-4F7F-98EB-63E420DE694E}.Work|x86.Build.0 = Release|x86
		{8A0B6D4A-504D-47D1-9DAB-F7F994E57776}.Debug|Any CPU.ActiveCfg = Debug|Any CPU
		{8A0B6D4A-504D-47D1-9DAB-F7F994E57776}.Debug|Any CPU.Build.0 = Debug|Any CPU
		{8A0B6D4A-504D-47D1-9DAB-F7F994E57776}.Debug|x86.ActiveCfg = Debug|Any CPU
		{8A0B6D4A-504D-47D1-9DAB-F7F994E57776}.KORE|Any CPU.ActiveCfg = Release|Any CPU
		{8A0B6D4A-504D-47D1-9DAB-F7F994E57776}.KORE|Any CPU.Build.0 = Release|Any CPU
		{8A0B6D4A-504D-47D1-9DAB-F7F994E57776}.KORE|x86.ActiveCfg = Release|Any CPU
		{8A0B6D4A-504D-47D1-9DAB-F7F994E57776}.Release|Any CPU.ActiveCfg = Release|Any CPU
		{8A0B6D4A-504D-47D1-9DAB-F7F994E57776}.Release|Any CPU.Build.0 = Release|Any CPU
		{8A0B6D4A-504D-47D1-9DAB-F7F994E57776}.Release|x86.ActiveCfg = Release|Any CPU
		{8A0B6D4A-504D-47D1-9DAB-F7F994E57776}.Work|Any CPU.ActiveCfg = Release|Any CPU
		{8A0B6D4A-504D-47D1-9DAB-F7F994E57776}.Work|Any CPU.Build.0 = Release|Any CPU
		{8A0B6D4A-504D-47D1-9DAB-F7F994E57776}.Work|x86.ActiveCfg = Release|Any CPU
	EndGlobalSection
	GlobalSection(SolutionProperties) = preSolution
		HideSolutionNode = FALSE
	EndGlobalSection
EndGlobal
